
Microsoft Visual Studio Solution File, Format Version 12.00
# Visual Studio Version 16
VisualStudioVersion = 16.0.31205.134
MinimumVisualStudioVersion = 10.0.40219.1
Project("{FAE04EC0-301F-11D3-BF4B-00C04F79EFBC}") = "AulaCsharp", "AulaCsharp\AulaCsharp.csproj", "{10EB8564-1B88-4EEC-A032-A62946115CF1}"
EndProject
Global
	GlobalSection(SolutionConfigurationPlatforms) = preSolution
		Debug|Any CPU = Debug|Any CPU
		Release|Any CPU = Release|Any CPU
	EndGlobalSection
	GlobalSection(ProjectConfigurationPlatforms) = postSolution
		{10EB8564-1B88-4EEC-A032-A62946115CF1}.Debug|Any CPU.ActiveCfg = Debug|Any CPU
		{10EB8564-1B88-4EEC-A032-A62946115CF1}.Debug|Any CPU.Build.0 = Debug|Any CPU
		{10EB8564-1B88-4EEC-A032-A62946115CF1}.Release|Any CPU.ActiveCfg = Release|Any CPU
		{10EB8564-1B88-4EEC-A032-A62946115CF1}.Release|Any CPU.Build.0 = Release|Any CPU
	EndGlobalSection
	GlobalSection(SolutionProperties) = preSolution
		HideSolutionNode = FALSE
	EndGlobalSection
	GlobalSection(ExtensibilityGlobals) = postSolution
		SolutionGuid = {6CA4B209-F79B-4C53-8174-345210223F57}
	EndGlobalSection
EndGlobal
